{
  "name": "cai2json",
  "version": "0.0.4",
  "lockfileVersion": 3,
  "requires": true,
  "packages": {
    "": {
      "name": "cai2json",
      "version": "0.0.4",
      "license": "MIT",
      "dependencies": {
        "combined-actor-info": "^0.0.5"
      },
      "bin": {
        "cai2json": "lib/bin/cai2json.js",
        "json2cai": "lib/bin/json2cai.js"
      },
      "devDependencies": {
        "@types/node": "^20.3.3",
        "typescript": "^5.1.6"
      }
    },
    "node_modules/@types/node": {
      "version": "20.4.2",
      "dev": true,
      "license": "MIT"
    },
    "node_modules/combined-actor-info": {
      "version": "0.0.5",
      "resolved": "https://registry.npmjs.org/combined-actor-info/-/combined-actor-info-0.0.5.tgz",
      "integrity": "sha512-jVC+y2J7zTH+dicEZVZXC4BIbZWwL6aE9G4RgRJsk5RxWdaDvCA7nPPnq8O3T7p2NDqaCM+xYiPxvmdx4kEnMQ==",
      "dependencies": {
        "three": "^0.154.0"
      }
    },
    "node_modules/three": {
      "version": "0.154.0",
      "resolved": "https://registry.npmjs.org/three/-/three-0.154.0.tgz",
      "integrity": "sha512-Uzz8C/5GesJzv8i+Y2prEMYUwodwZySPcNhuJUdsVMH2Yn4Nm8qlbQe6qRN5fOhg55XB0WiLfTPBxVHxpE60ug=="
    },
    "node_modules/typescript": {
      "version": "5.1.6",
      "dev": true,
      "license": "Apache-2.0",
      "bin": {
        "tsc": "bin/tsc",
        "tsserver": "bin/tsserver"
      },
      "engines": {
        "node": ">=14.17"
      }
    }
  }
}
